{
  "name": "@hugov/stats",
  "version": "0.0.1",
  "lockfileVersion": 2,
  "requires": true,
  "packages": {
    "": {
      "name": "@hugov/stats",
      "version": "0.0.1",
      "license": "MIT",
      "dependencies": {
        "@hugov/sum": "^1.0.0"
      },
      "devDependencies": {
        "@types/node": "^14.14.25",
        "assert-op": "^0.6.1"
      }
    },
    "node_modules/@hugov/sum": {
      "version": "1.0.0",
      "resolved": "https://registry.npmjs.org/@hugov/sum/-/sum-1.0.0.tgz",
      "integrity": "sha512-yseI0Wtj1JDj1PfRxOyHQ0Ln4gI0PPceUfyu8rVZCpoR7579EOOTcpYgg3+lY5QPJvgOqdclbQsVGze00gr3oQ=="
    },
    "node_modules/@types/node": {
      "version": "14.14.25",
      "resolved": "https://registry.npmjs.org/@types/node/-/node-14.14.25.tgz",
      "integrity": "sha512-EPpXLOVqDvisVxtlbvzfyqSsFeQxltFbluZNRndIb8tr9KiBnYNLzrc1N3pyKUCww2RNrfHDViqDWWE1LCJQtQ==",
      "dev": true
    },
    "node_modules/assert-op": {
      "version": "0.6.1",
      "resolved": "https://registry.npmjs.org/assert-op/-/assert-op-0.6.1.tgz",
      "integrity": "sha512-1zgkYkiPrbIUfyY2m01+xHUFiMSt1tAccmmuCAyRICjalc80l16SIWtdU1RzoPDyQMAARODOAcyKJW3s/ItF4w==",
      "dev": true
    }
  },
  "dependencies": {
    "@hugov/sum": {
      "version": "1.0.0",
      "resolved": "https://registry.npmjs.org/@hugov/sum/-/sum-1.0.0.tgz",
      "integrity": "sha512-yseI0Wtj1JDj1PfRxOyHQ0Ln4gI0PPceUfyu8rVZCpoR7579EOOTcpYgg3+lY5QPJvgOqdclbQsVGze00gr3oQ=="
    },
    "@types/node": {
      "version": "14.14.25",
      "resolved": "https://registry.npmjs.org/@types/node/-/node-14.14.25.tgz",
      "integrity": "sha512-EPpXLOVqDvisVxtlbvzfyqSsFeQxltFbluZNRndIb8tr9KiBnYNLzrc1N3pyKUCww2RNrfHDViqDWWE1LCJQtQ==",
      "dev": true
    },
    "assert-op": {
      "version": "0.6.1",
      "resolved": "https://registry.npmjs.org/assert-op/-/assert-op-0.6.1.tgz",
      "integrity": "sha512-1zgkYkiPrbIUfyY2m01+xHUFiMSt1tAccmmuCAyRICjalc80l16SIWtdU1RzoPDyQMAARODOAcyKJW3s/ItF4w==",
      "dev": true
    }
  }
}
